
Microsoft Visual Studio Solution File, Format Version 12.00
# Visual Studio Version 16
VisualStudioVersion = 16.0.31613.86
MinimumVisualStudioVersion = 10.0.40219.1
Project("{2150E333-8FDC-42A3-9474-1A3956D46DE8}") = "Back_End", "Back_End", "{21619D78-0E7D-43C8-A578-7C9FDF13DD2A}"
EndProject
Project("{2150E333-8FDC-42A3-9474-1A3956D46DE8}") = "Front_End", "Front_End", "{54266523-8847-4480-B76F-9029CAA8584F}"
EndProject
Project("{2150E333-8FDC-42A3-9474-1A3956D46DE8}") = "Modelos", "Modelos", "{9C22C3AF-C160-40C7-AF2B-34F3C22E18DE}"
EndProject
Project("{2150E333-8FDC-42A3-9474-1A3956D46DE8}") = "Utilidades", "Utilidades", "{B58009B0-4155-4793-BDD5-E4B0AB35431D}"
EndProject
Project("{2150E333-8FDC-42A3-9474-1A3956D46DE8}") = "Servicios", "Servicios", "{9B734D90-159D-43B7-A042-8E5EC74C1F25}"
EndProject
Project("{2150E333-8FDC-42A3-9474-1A3956D46DE8}") = "Capa_Acceso_Datos", "Capa_Acceso_Datos", "{9FB92270-B0E1-40A4-BC52-DAECB52FC3C0}"
EndProject
Project("{2150E333-8FDC-42A3-9474-1A3956D46DE8}") = "Capa_Negocio", "Capa_Negocio", "{E652C96A-2DB8-4E52-A8DB-EC67D4F349D5}"
EndProject
Project("{2150E333-8FDC-42A3-9474-1A3956D46DE8}") = "Capa_Base_Datos", "Capa_Base_Datos", "{090C3A30-5C42-4D45-931F-C1ED6ECE6F63}"
EndProject
Project("{9A19103F-16F7-4668-BE54-9A1E7A4F7556}") = "Utilidades", "Utilidades\Utilidades\Utilidades.csproj", "{7CB9D770-9778-4A4E-A4AF-B683E90C8AB3}"
EndProject
Project("{9A19103F-16F7-4668-BE54-9A1E7A4F7556}") = "Acceso_Datos", "Back_End\Capa_Acceso_Datos\Acceso_Datos_Ejemplo\Acceso_Datos.csproj", "{FB7D1C38-3BB4-4362-9810-801E5CA5B82D}"
EndProject
Project("{9A19103F-16F7-4668-BE54-9A1E7A4F7556}") = "Negocio", "Back_End\Capa_Negocio\Negocio_Ejemplo\Negocio.csproj", "{C3CD727C-123D-44B5-9A30-6F209449E324}"
EndProject
Project("{9A19103F-16F7-4668-BE54-9A1E7A4F7556}") = "Conexion", "Back_End\Capa_Base_Datos\Conexion\Conexion.csproj", "{DC481ABC-CA2C-4829-BAE5-ED28D5C98F40}"
EndProject
Project("{9A19103F-16F7-4668-BE54-9A1E7A4F7556}") = "Asuntos_Religiosos_Api", "Servicios\Api_Ejemplo\Asuntos_Religiosos_Api.csproj", "{5D00156E-FD97-47BC-B489-DE5DA947FB40}"
	ProjectSection(ProjectDependencies) = postProject
		{C3CD727C-123D-44B5-9A30-6F209449E324} = {C3CD727C-123D-44B5-9A30-6F209449E324}
	EndProjectSection
EndProject
Project("{9A19103F-16F7-4668-BE54-9A1E7A4F7556}") = "WebSite_Angular", "Front_End\Web_Ejemplo_Angular\WebSite_Angular.csproj", "{FEFD7439-393F-4BF5-97EB-BDA948C30C9E}"
EndProject
Project("{2150E333-8FDC-42A3-9474-1A3956D46DE8}") = "UnitTest", "UnitTest", "{1033A95F-EF4A-4EA6-BC7A-F53EB9DE2821}"
EndProject
Project("{9A19103F-16F7-4668-BE54-9A1E7A4F7556}") = "Test", "UnitTest\Test_Ejemplo\Test.csproj", "{2E58A989-DF13-4144-A676-C10AFCEF31D5}"
EndProject
Project("{9A19103F-16F7-4668-BE54-9A1E7A4F7556}") = "Gateway", "Servicios\Gateway\Gateway.csproj", "{48FEA399-7749-4174-A8D0-CDE3E6E04CD7}"
EndProject
Project("{9A19103F-16F7-4668-BE54-9A1E7A4F7556}") = "Modelos", "Modelos\Modelos\Modelos.csproj", "{00DA1ADE-6629-47BD-A2C8-E90B13B90A12}"
EndProject
Global
	GlobalSection(SolutionConfigurationPlatforms) = preSolution
		Debug|Any CPU = Debug|Any CPU
		Release|Any CPU = Release|Any CPU
	EndGlobalSection
	GlobalSection(ProjectConfigurationPlatforms) = postSolution
		{7CB9D770-9778-4A4E-A4AF-B683E90C8AB3}.Debug|Any CPU.ActiveCfg = Debug|Any CPU
		{7CB9D770-9778-4A4E-A4AF-B683E90C8AB3}.Debug|Any CPU.Build.0 = Debug|Any CPU
		{7CB9D770-9778-4A4E-A4AF-B683E90C8AB3}.Release|Any CPU.ActiveCfg = Release|Any CPU
		{7CB9D770-9778-4A4E-A4AF-B683E90C8AB3}.Release|Any CPU.Build.0 = Release|Any CPU
		{FB7D1C38-3BB4-4362-9810-801E5CA5B82D}.Debug|Any CPU.ActiveCfg = Debug|Any CPU
		{FB7D1C38-3BB4-4362-9810-801E5CA5B82D}.Debug|Any CPU.Build.0 = Debug|Any CPU
		{FB7D1C38-3BB4-4362-9810-801E5CA5B82D}.Release|Any CPU.ActiveCfg = Release|Any CPU
		{FB7D1C38-3BB4-4362-9810-801E5CA5B82D}.Release|Any CPU.Build.0 = Release|Any CPU
		{C3CD727C-123D-44B5-9A30-6F209449E324}.Debug|Any CPU.ActiveCfg = Debug|Any CPU
		{C3CD727C-123D-44B5-9A30-6F209449E324}.Debug|Any CPU.Build.0 = Debug|Any CPU
		{C3CD727C-123D-44B5-9A30-6F209449E324}.Release|Any CPU.ActiveCfg = Release|Any CPU
		{C3CD727C-123D-44B5-9A30-6F209449E324}.Release|Any CPU.Build.0 = Release|Any CPU
		{DC481ABC-CA2C-4829-BAE5-ED28D5C98F40}.Debug|Any CPU.ActiveCfg = Debug|Any CPU
		{DC481ABC-CA2C-4829-BAE5-ED28D5C98F40}.Debug|Any CPU.Build.0 = Debug|Any CPU
		{DC481ABC-CA2C-4829-BAE5-ED28D5C98F40}.Release|Any CPU.ActiveCfg = Release|Any CPU
		{DC481ABC-CA2C-4829-BAE5-ED28D5C98F40}.Release|Any CPU.Build.0 = Release|Any CPU
		{5D00156E-FD97-47BC-B489-DE5DA947FB40}.Debug|Any CPU.ActiveCfg = Debug|Any CPU
		{5D00156E-FD97-47BC-B489-DE5DA947FB40}.Debug|Any CPU.Build.0 = Debug|Any CPU
		{5D00156E-FD97-47BC-B489-DE5DA947FB40}.Release|Any CPU.ActiveCfg = Release|Any CPU
		{5D00156E-FD97-47BC-B489-DE5DA947FB40}.Release|Any CPU.Build.0 = Release|Any CPU
		{FEFD7439-393F-4BF5-97EB-BDA948C30C9E}.Debug|Any CPU.ActiveCfg = Debug|Any CPU
		{FEFD7439-393F-4BF5-97EB-BDA948C30C9E}.Debug|Any CPU.Build.0 = Debug|Any CPU
		{FEFD7439-393F-4BF5-97EB-BDA948C30C9E}.Release|Any CPU.ActiveCfg = Release|Any CPU
		{FEFD7439-393F-4BF5-97EB-BDA948C30C9E}.Release|Any CPU.Build.0 = Release|Any CPU
		{2E58A989-DF13-4144-A676-C10AFCEF31D5}.Debug|Any CPU.ActiveCfg = Debug|Any CPU
		{2E58A989-DF13-4144-A676-C10AFCEF31D5}.Debug|Any CPU.Build.0 = Debug|Any CPU
		{2E58A989-DF13-4144-A676-C10AFCEF31D5}.Release|Any CPU.ActiveCfg = Release|Any CPU
		{2E58A989-DF13-4144-A676-C10AFCEF31D5}.Release|Any CPU.Build.0 = Release|Any CPU
		{48FEA399-7749-4174-A8D0-CDE3E6E04CD7}.Debug|Any CPU.ActiveCfg = Debug|Any CPU
		{48FEA399-7749-4174-A8D0-CDE3E6E04CD7}.Debug|Any CPU.Build.0 = Debug|Any CPU
		{48FEA399-7749-4174-A8D0-CDE3E6E04CD7}.Release|Any CPU.ActiveCfg = Release|Any CPU
		{48FEA399-7749-4174-A8D0-CDE3E6E04CD7}.Release|Any CPU.Build.0 = Release|Any CPU
		{00DA1ADE-6629-47BD-A2C8-E90B13B90A12}.Debug|Any CPU.ActiveCfg = Debug|Any CPU
		{00DA1ADE-6629-47BD-A2C8-E90B13B90A12}.Debug|Any CPU.Build.0 = Debug|Any CPU
		{00DA1ADE-6629-47BD-A2C8-E90B13B90A12}.Release|Any CPU.ActiveCfg = Release|Any CPU
		{00DA1ADE-6629-47BD-A2C8-E90B13B90A12}.Release|Any CPU.Build.0 = Release|Any CPU
	EndGlobalSection
	GlobalSection(SolutionProperties) = preSolution
		HideSolutionNode = FALSE
	EndGlobalSection
	GlobalSection(NestedProjects) = preSolution
		{9FB92270-B0E1-40A4-BC52-DAECB52FC3C0} = {21619D78-0E7D-43C8-A578-7C9FDF13DD2A}
		{E652C96A-2DB8-4E52-A8DB-EC67D4F349D5} = {21619D78-0E7D-43C8-A578-7C9FDF13DD2A}
		{090C3A30-5C42-4D45-931F-C1ED6ECE6F63} = {21619D78-0E7D-43C8-A578-7C9FDF13DD2A}
		{7CB9D770-9778-4A4E-A4AF-B683E90C8AB3} = {B58009B0-4155-4793-BDD5-E4B0AB35431D}
		{FB7D1C38-3BB4-4362-9810-801E5CA5B82D} = {9FB92270-B0E1-40A4-BC52-DAECB52FC3C0}
		{C3CD727C-123D-44B5-9A30-6F209449E324} = {E652C96A-2DB8-4E52-A8DB-EC67D4F349D5}
		{DC481ABC-CA2C-4829-BAE5-ED28D5C98F40} = {090C3A30-5C42-4D45-931F-C1ED6ECE6F63}
		{5D00156E-FD97-47BC-B489-DE5DA947FB40} = {9B734D90-159D-43B7-A042-8E5EC74C1F25}
		{FEFD7439-393F-4BF5-97EB-BDA948C30C9E} = {54266523-8847-4480-B76F-9029CAA8584F}
		{2E58A989-DF13-4144-A676-C10AFCEF31D5} = {1033A95F-EF4A-4EA6-BC7A-F53EB9DE2821}
		{48FEA399-7749-4174-A8D0-CDE3E6E04CD7} = {9B734D90-159D-43B7-A042-8E5EC74C1F25}
		{00DA1ADE-6629-47BD-A2C8-E90B13B90A12} = {9C22C3AF-C160-40C7-AF2B-34F3C22E18DE}
	EndGlobalSection
	GlobalSection(ExtensibilityGlobals) = postSolution
		SolutionGuid = {C78DAC75-83C4-493B-9B9A-06C3150834C8}
	EndGlobalSection
EndGlobal
